
Microsoft Visual Studio Solution File, Format Version 12.00
# Visual Studio Version 17
VisualStudioVersion = 17.9.34728.123
MinimumVisualStudioVersion = 10.0.40219.1
Project("{9A19103F-16F7-4668-BE54-9A1E7A4F7556}") = "PlanningApi", "PlanningApi\PlanningApi.csproj", "{3156D177-BC36-4AAC-A401-E8B5CB9DB4D7}"
EndProject
Project("{9A19103F-16F7-4668-BE54-9A1E7A4F7556}") = "Planning.Infrastructure", "Planning.Infrastructure\Planning.Infrastructure.csproj", "{137771D7-726D-4A6D-B928-60D24BF4C523}"
EndProject
Project("{9A19103F-16F7-4668-BE54-9A1E7A4F7556}") = "Planning.Domain", "Planning.Domain\Planning.Domain.csproj", "{842DCA13-D9A1-4DB7-8908-C1EE816BE3DA}"
EndProject
Project("{9A19103F-16F7-4668-BE54-9A1E7A4F7556}") = "Test", "Test\Test.csproj", "{4DA5A5FD-949D-426F-B96A-4FF56923B470}"
EndProject
Project("{9A19103F-16F7-4668-BE54-9A1E7A4F7556}") = "Planning.Application", "Planning.Application\Planning.Application.csproj", "{EA5BEEE0-F22F-46DA-80FF-059B81531A1E}"
EndProject
Global
	GlobalSection(SolutionConfigurationPlatforms) = preSolution
		Debug|Any CPU = Debug|Any CPU
		Release|Any CPU = Release|Any CPU
	EndGlobalSection
	GlobalSection(ProjectConfigurationPlatforms) = postSolution
		{3156D177-BC36-4AAC-A401-E8B5CB9DB4D7}.Debug|Any CPU.ActiveCfg = Debug|Any CPU
		{3156D177-BC36-4AAC-A401-E8B5CB9DB4D7}.Debug|Any CPU.Build.0 = Debug|Any CPU
		{3156D177-BC36-4AAC-A401-E8B5CB9DB4D7}.Release|Any CPU.ActiveCfg = Release|Any CPU
		{3156D177-BC36-4AAC-A401-E8B5CB9DB4D7}.Release|Any CPU.Build.0 = Release|Any CPU
		{137771D7-726D-4A6D-B928-60D24BF4C523}.Debug|Any CPU.ActiveCfg = Debug|Any CPU
		{137771D7-726D-4A6D-B928-60D24BF4C523}.Debug|Any CPU.Build.0 = Debug|Any CPU
		{137771D7-726D-4A6D-B928-60D24BF4C523}.Release|Any CPU.ActiveCfg = Release|Any CPU
		{137771D7-726D-4A6D-B928-60D24BF4C523}.Release|Any CPU.Build.0 = Release|Any CPU
		{842DCA13-D9A1-4DB7-8908-C1EE816BE3DA}.Debug|Any CPU.ActiveCfg = Debug|Any CPU
		{842DCA13-D9A1-4DB7-8908-C1EE816BE3DA}.Debug|Any CPU.Build.0 = Debug|Any CPU
		{842DCA13-D9A1-4DB7-8908-C1EE816BE3DA}.Release|Any CPU.ActiveCfg = Release|Any CPU
		{842DCA13-D9A1-4DB7-8908-C1EE816BE3DA}.Release|Any CPU.Build.0 = Release|Any CPU
		{4DA5A5FD-949D-426F-B96A-4FF56923B470}.Debug|Any CPU.ActiveCfg = Debug|Any CPU
		{4DA5A5FD-949D-426F-B96A-4FF56923B470}.Debug|Any CPU.Build.0 = Debug|Any CPU
		{4DA5A5FD-949D-426F-B96A-4FF56923B470}.Release|Any CPU.ActiveCfg = Release|Any CPU
		{4DA5A5FD-949D-426F-B96A-4FF56923B470}.Release|Any CPU.Build.0 = Release|Any CPU
		{EA5BEEE0-F22F-46DA-80FF-059B81531A1E}.Debug|Any CPU.ActiveCfg = Debug|Any CPU
		{EA5BEEE0-F22F-46DA-80FF-059B81531A1E}.Debug|Any CPU.Build.0 = Debug|Any CPU
		{EA5BEEE0-F22F-46DA-80FF-059B81531A1E}.Release|Any CPU.ActiveCfg = Release|Any CPU
		{EA5BEEE0-F22F-46DA-80FF-059B81531A1E}.Release|Any CPU.Build.0 = Release|Any CPU
	EndGlobalSection
	GlobalSection(SolutionProperties) = preSolution
		HideSolutionNode = FALSE
	EndGlobalSection
	GlobalSection(ExtensibilityGlobals) = postSolution
		SolutionGuid = {F0FDEE83-B53C-428B-B28B-259F61AB7244}
	EndGlobalSection
EndGlobal
